<Solution>
  <Folder Name="/src/">
    <Project Path="src/RepoMind.Mcp/RepoMind.Mcp.csproj" />
    <Project Path="src/RepoMind.Scanner/RepoMind.Scanner.csproj" />
    <Project Path="src/RepoMind.Scanner.Cli/RepoMind.Scanner.Cli.csproj" />
  </Folder>
  <Folder Name="/tests/">
    <Project Path="tests/RepoMind.Mcp.Tests/RepoMind.Mcp.Tests.csproj" />
  </Folder>
</Solution>
